
Microsoft Visual Studio Solution File, Format Version 12.00
# Visual Studio 15
VisualStudioVersion = 15.0.27703.2035
MinimumVisualStudioVersion = 10.0.40219.1
Project("{8BC9CEB8-8B4A-11D0-8D11-00A0C91BC942}") = "loader", "loader\loader.vcxproj", "{F05C787D-64BD-485D-AD76-9291E96B1CDB}"
	ProjectSection(ProjectDependencies) = postProject
		{4B7C7DBC-D1D8-42BA-8349-A3D8430ACEFA} = {4B7C7DBC-D1D8-42BA-8349-A3D8430ACEFA}
	EndProjectSection
EndProject
Project("{8BC9CEB8-8B4A-11D0-8D11-00A0C91BC942}") = "dll", "dll\dll.vcxproj", "{4B7C7DBC-D1D8-42BA-8349-A3D8430ACEFA}"
EndProject
Project("{8BC9CEB8-8B4A-11D0-8D11-00A0C91BC942}") = "touch-test", "touch-test\touch-test.vcxproj", "{74CBB1DF-48BE-4B53-88DF-86ACBA475443}"
EndProject
Global
	GlobalSection(SolutionConfigurationPlatforms) = preSolution
		Debug|x64 = Debug|x64
		Debug|x86 = Debug|x86
		Release|x64 = Release|x64
		Release|x86 = Release|x86
	EndGlobalSection
	GlobalSection(ProjectConfigurationPlatforms) = postSolution
		{F05C787D-64BD-485D-AD76-9291E96B1CDB}.Debug|x64.ActiveCfg = Debug|x64
		{F05C787D-64BD-485D-AD76-9291E96B1CDB}.Debug|x64.Build.0 = Debug|x64
		{F05C787D-64BD-485D-AD76-9291E96B1CDB}.Debug|x86.ActiveCfg = Debug|Win32
		{F05C787D-64BD-485D-AD76-9291E96B1CDB}.Debug|x86.Build.0 = Debug|Win32
		{F05C787D-64BD-485D-AD76-9291E96B1CDB}.Release|x64.ActiveCfg = Release|x64
		{F05C787D-64BD-485D-AD76-9291E96B1CDB}.Release|x64.Build.0 = Release|x64
		{F05C787D-64BD-485D-AD76-9291E96B1CDB}.Release|x86.ActiveCfg = Release|Win32
		{F05C787D-64BD-485D-AD76-9291E96B1CDB}.Release|x86.Build.0 = Release|Win32
		{4B7C7DBC-D1D8-42BA-8349-A3D8430ACEFA}.Debug|x64.ActiveCfg = Debug|x64
		{4B7C7DBC-D1D8-42BA-8349-A3D8430ACEFA}.Debug|x64.Build.0 = Debug|x64
		{4B7C7DBC-D1D8-42BA-8349-A3D8430ACEFA}.Debug|x86.ActiveCfg = Debug|Win32
		{4B7C7DBC-D1D8-42BA-8349-A3D8430ACEFA}.Debug|x86.Build.0 = Debug|Win32
		{4B7C7DBC-D1D8-42BA-8349-A3D8430ACEFA}.Release|x64.ActiveCfg = Release|x64
		{4B7C7DBC-D1D8-42BA-8349-A3D8430ACEFA}.Release|x64.Build.0 = Release|x64
		{4B7C7DBC-D1D8-42BA-8349-A3D8430ACEFA}.Release|x86.ActiveCfg = Release|Win32
		{4B7C7DBC-D1D8-42BA-8349-A3D8430ACEFA}.Release|x86.Build.0 = Release|Win32
		{74CBB1DF-48BE-4B53-88DF-86ACBA475443}.Debug|x64.ActiveCfg = Debug|x64
		{74CBB1DF-48BE-4B53-88DF-86ACBA475443}.Debug|x64.Build.0 = Debug|x64
		{74CBB1DF-48BE-4B53-88DF-86ACBA475443}.Debug|x86.ActiveCfg = Debug|Win32
		{74CBB1DF-48BE-4B53-88DF-86ACBA475443}.Debug|x86.Build.0 = Debug|Win32
		{74CBB1DF-48BE-4B53-88DF-86ACBA475443}.Release|x64.ActiveCfg = Release|x64
		{74CBB1DF-48BE-4B53-88DF-86ACBA475443}.Release|x64.Build.0 = Release|x64
		{74CBB1DF-48BE-4B53-88DF-86ACBA475443}.Release|x86.ActiveCfg = Release|Win32
		{74CBB1DF-48BE-4B53-88DF-86ACBA475443}.Release|x86.Build.0 = Release|Win32
	EndGlobalSection
	GlobalSection(SolutionProperties) = preSolution
		HideSolutionNode = FALSE
	EndGlobalSection
	GlobalSection(ExtensibilityGlobals) = postSolution
		SolutionGuid = {B3DCF270-140A-41FA-BE75-4BC340A3C724}
	EndGlobalSection
EndGlobal
